// !$*UTF8*$!
{
	archiveVersion = 1;
	classes = {
	};
	objectVersion = 56;
	objects = {

/* Begin PBXBuildFile section */
		73237F932B453B4100A77C2B /* LoaderView.swift in Sources */ = {isa = PBXBuildFile; fileRef = 73237F922B453B4100A77C2B /* LoaderView.swift */; };
		739C413B2B452ACD003A0FAE /* UserListApp.swift in Sources */ = {isa = PBXBuildFile; fileRef = 739C413A2B452ACD003A0FAE /* UserListApp.swift */; };
		739C413D2B452ACD003A0FAE /* ContentView.swift in Sources */ = {isa = PBXBuildFile; fileRef = 739C413C2B452ACD003A0FAE /* ContentView.swift */; };
		739C413F2B452ACF003A0FAE /* Assets.xcassets in Resources */ = {isa = PBXBuildFile; fileRef = 739C413E2B452ACF003A0FAE /* Assets.xcassets */; };
		739C41422B452ACF003A0FAE /* Preview Assets.xcassets in Resources */ = {isa = PBXBuildFile; fileRef = 739C41412B452ACF003A0FAE /* Preview Assets.xcassets */; };
		739C414C2B452B4D003A0FAE /* UserModel.swift in Sources */ = {isa = PBXBuildFile; fileRef = 739C414B2B452B4D003A0FAE /* UserModel.swift */; };
		739C414F2B452B8F003A0FAE /* Webservice.swift in Sources */ = {isa = PBXBuildFile; fileRef = 739C414E2B452B8F003A0FAE /* Webservice.swift */; };
		739C41512B452FA1003A0FAE /* ErrorCases.swift in Sources */ = {isa = PBXBuildFile; fileRef = 739C41502B452FA1003A0FAE /* ErrorCases.swift */; };
		739C41532B453273003A0FAE /* UserViewModel.swift in Sources */ = {isa = PBXBuildFile; fileRef = 739C41522B453273003A0FAE /* UserViewModel.swift */; };
/* End PBXBuildFile section */

/* Begin PBXFileReference section */
		73237F922B453B4100A77C2B /* LoaderView.swift */ = {isa = PBXFileReference; lastKnownFileType = sourcecode.swift; path = LoaderView.swift; sourceTree = "<group>"; };
		739C41372B452ACD003A0FAE /* UserList.app */ = {isa = PBXFileReference; explicitFileType = wrapper.application; includeInIndex = 0; path = UserList.app; sourceTree = BUILT_PRODUCTS_DIR; };
		739C413A2B452ACD003A0FAE /* UserListApp.swift */ = {isa = PBXFileReference; lastKnownFileType = sourcecode.swift; path = UserListApp.swift; sourceTree = "<group>"; };
		739C413C2B452ACD003A0FAE /* ContentView.swift */ = {isa = PBXFileReference; lastKnownFileType = sourcecode.swift; path = ContentView.swift; sourceTree = "<group>"; };
		739C413E2B452ACF003A0FAE /* Assets.xcassets */ = {isa = PBXFileReference; lastKnownFileType = folder.assetcatalog; path = Assets.xcassets; sourceTree = "<group>"; };
		739C41412B452ACF003A0FAE /* Preview Assets.xcassets */ = {isa = PBXFileReference; lastKnownFileType = folder.assetcatalog; path = "Preview Assets.xcassets"; sourceTree = "<group>"; };
		739C414B2B452B4D003A0FAE /* UserModel.swift */ = {isa = PBXFileReference; lastKnownFileType = sourcecode.swift; path = UserModel.swift; sourceTree = "<group>"; };
		739C414E2B452B8F003A0FAE /* Webservice.swift */ = {isa = PBXFileReference; lastKnownFileType = sourcecode.swift; path = Webservice.swift; sourceTree = "<group>"; };
		739C41502B452FA1003A0FAE /* ErrorCases.swift */ = {isa = PBXFileReference; lastKnownFileType = sourcecode.swift; path = ErrorCases.swift; sourceTree = "<group>"; };
		739C41522B453273003A0FAE /* UserViewModel.swift */ = {isa = PBXFileReference; lastKnownFileType = sourcecode.swift; path = UserViewModel.swift; sourceTree = "<group>"; };
/* End PBXFileReference section */

/* Begin PBXFrameworksBuildPhase section */
		739C41342B452ACD003A0FAE /* Frameworks */ = {
			isa = PBXFrameworksBuildPhase;
			buildActionMask = 2147483647;
			files = (
			);
			runOnlyForDeploymentPostprocessing = 0;
		};
/* End PBXFrameworksBuildPhase section */

/* Begin PBXGroup section */
		73237F912B453B2D00A77C2B /* Utilities */ = {
			isa = PBXGroup;
			children = (
				73237F922B453B4100A77C2B /* LoaderView.swift */,
			);
			path = Utilities;
			sourceTree = "<group>";
		};
		739C412E2B452ACD003A0FAE = {
			isa = PBXGroup;
			children = (
				739C41392B452ACD003A0FAE /* UserList */,
				739C41382B452ACD003A0FAE /* Products */,
			);
			sourceTree = "<group>";
		};
		739C41382B452ACD003A0FAE /* Products */ = {
			isa = PBXGroup;
			children = (
				739C41372B452ACD003A0FAE /* UserList.app */,
			);
			name = Products;
			sourceTree = "<group>";
		};
		739C41392B452ACD003A0FAE /* UserList */ = {
			isa = PBXGroup;
			children = (
				73237F912B453B2D00A77C2B /* Utilities */,
				739C414D2B452B54003A0FAE /* Webservice */,
				739C41482B452ADD003A0FAE /* Model */,
				739C41492B452AE8003A0FAE /* View */,
				739C414A2B452AEF003A0FAE /* ViewModel */,
				739C413E2B452ACF003A0FAE /* Assets.xcassets */,
				739C41402B452ACF003A0FAE /* Preview Content */,
			);
			path = UserList;
			sourceTree = "<group>";
		};
		739C41402B452ACF003A0FAE /* Preview Content */ = {
			isa = PBXGroup;
			children = (
				739C41412B452ACF003A0FAE /* Preview Assets.xcassets */,
			);
			path = "Preview Content";
			sourceTree = "<group>";
		};
		739C41482B452ADD003A0FAE /* Model */ = {
			isa = PBXGroup;
			children = (
				739C414B2B452B4D003A0FAE /* UserModel.swift */,
			);
			path = Model;
			sourceTree = "<group>";
		};
		739C41492B452AE8003A0FAE /* View */ = {
			isa = PBXGroup;
			children = (
				739C413A2B452ACD003A0FAE /* UserListApp.swift */,
				739C413C2B452ACD003A0FAE /* ContentView.swift */,
			);
			path = View;
			sourceTree = "<group>";
		};
		739C414A2B452AEF003A0FAE /* ViewModel */ = {
			isa = PBXGroup;
			children = (
				739C41522B453273003A0FAE /* UserViewModel.swift */,
			);
			path = ViewModel;
			sourceTree = "<group>";
		};
		739C414D2B452B54003A0FAE /* Webservice */ = {
			isa = PBXGroup;
			children = (
				739C414E2B452B8F003A0FAE /* Webservice.swift */,
				739C41502B452FA1003A0FAE /* ErrorCases.swift */,
			);
			path = Webservice;
			sourceTree = "<group>";
		};
/* End PBXGroup section */

/* Begin PBXNativeTarget section */
		739C41362B452ACD003A0FAE /* UserList */ = {
			isa = PBXNativeTarget;
			buildConfigurationList = 739C41452B452ACF003A0FAE /* Build configuration list for PBXNativeTarget "UserList" */;
			buildPhases = (
				739C41332B452ACD003A0FAE /* Sources */,
				739C41342B452ACD003A0FAE /* Frameworks */,
				739C41352B452ACD003A0FAE /* Resources */,
			);
			buildRules = (
			);
			dependencies = (
			);
			name = UserList;
			productName = UserList;
			productReference = 739C41372B452ACD003A0FAE /* UserList.app */;
			productType = "com.apple.product-type.application";
		};
/* End PBXNativeTarget section */

/* Begin PBXProject section */
		739C412F2B452ACD003A0FAE /* Project object */ = {
			isa = PBXProject;
			attributes = {
				BuildIndependentTargetsInParallel = 1;
				LastSwiftUpdateCheck = 1430;
				LastUpgradeCheck = 1430;
				TargetAttributes = {
					739C41362B452ACD003A0FAE = {
						CreatedOnToolsVersion = 14.3.1;
					};
				};
			};
			buildConfigurationList = 739C41322B452ACD003A0FAE /* Build configuration list for PBXProject "UserList" */;
			compatibilityVersion = "Xcode 14.0";
			developmentRegion = en;
			hasScannedForEncodings = 0;
			knownRegions = (
				en,
				Base,
			);
			mainGroup = 739C412E2B452ACD003A0FAE;
			productRefGroup = 739C41382B452ACD003A0FAE /* Products */;
			projectDirPath = "";
			projectRoot = "";
			targets = (
				739C41362B452ACD003A0FAE /* UserList */,
			);
		};
/* End PBXProject section */

/* Begin PBXResourcesBuildPhase section */
		739C41352B452ACD003A0FAE /* Resources */ = {
			isa = PBXResourcesBuildPhase;
			buildActionMask = 2147483647;
			files = (
				739C41422B452ACF003A0FAE /* Preview Assets.xcassets in Resources */,
				739C413F2B452ACF003A0FAE /* Assets.xcassets in Resources */,
			);
			runOnlyForDeploymentPostprocessing = 0;
		};
/* End PBXResourcesBuildPhase section */

/* Begin PBXSourcesBuildPhase section */
		739C41332B452ACD003A0FAE /* Sources */ = {
			isa = PBXSourcesBuildPhase;
			buildActionMask = 2147483647;
			files = (
				739C413D2B452ACD003A0FAE /* ContentView.swift in Sources */,
				739C41532B453273003A0FAE /* UserViewModel.swift in Sources */,
				739C414C2B452B4D003A0FAE /* UserModel.swift in Sources */,
				73237F932B453B4100A77C2B /* LoaderView.swift in Sources */,
				739C41512B452FA1003A0FAE /* ErrorCases.swift in Sources */,
				739C414F2B452B8F003A0FAE /* Webservice.swift in Sources */,
				739C413B2B452ACD003A0FAE /* UserListApp.swift in Sources */,
			);
			runOnlyForDeploymentPostprocessing = 0;
		};
/* End PBXSourcesBuildPhase section */

/* Begin XCBuildConfiguration section */
		739C41432B452ACF003A0FAE /* Debug */ = {
			isa = XCBuildConfiguration;
			buildSettings = {
				ALWAYS_SEARCH_USER_PATHS = NO;
				CLANG_ANALYZER_NONNULL = YES;
				CLANG_ANALYZER_NUMBER_OBJECT_CONVERSION = YES_AGGRESSIVE;
				CLANG_CXX_LANGUAGE_STANDARD = "gnu++20";
				CLANG_ENABLE_MODULES = YES;
				CLANG_ENABLE_OBJC_ARC = YES;
				CLANG_ENABLE_OBJC_WEAK = YES;
				CLANG_WARN_BLOCK_CAPTURE_AUTORELEASING = YES;
				CLANG_WARN_BOOL_CONVERSION = YES;
				CLANG_WARN_COMMA = YES;
				CLANG_WARN_CONSTANT_CONVERSION = YES;
				CLANG_WARN_DEPRECATED_OBJC_IMPLEMENTATIONS = YES;
				CLANG_WARN_DIRECT_OBJC_ISA_USAGE = YES_ERROR;
				CLANG_WARN_DOCUMENTATION_COMMENTS = YES;
				CLANG_WARN_EMPTY_BODY = YES;
				CLANG_WARN_ENUM_CONVERSION = YES;
				CLANG_WARN_INFINITE_RECURSION = YES;
				CLANG_WARN_INT_CONVERSION = YES;
				CLANG_WARN_NON_LITERAL_NULL_CONVERSION = YES;
				CLANG_WARN_OBJC_IMPLICIT_RETAIN_SELF = YES;
				CLANG_WARN_OBJC_LITERAL_CONVERSION = YES;
				CLANG_WARN_OBJC_ROOT_CLASS = YES_ERROR;
				CLANG_WARN_QUOTED_INCLUDE_IN_FRAMEWORK_HEADER = YES;
				CLANG_WARN_RANGE_LOOP_ANALYSIS = YES;
				CLANG_WARN_STRICT_PROTOTYPES = YES;
				CLANG_WARN_SUSPICIOUS_MOVE = YES;
				CLANG_WARN_UNGUARDED_AVAILABILITY = YES_AGGRESSIVE;
				CLANG_WARN_UNREACHABLE_CODE = YES;
				CLANG_WARN__DUPLICATE_METHOD_MATCH = YES;
				COPY_PHASE_STRIP = NO;
				DEBUG_INFORMATION_FORMAT = dwarf;
				ENABLE_STRICT_OBJC_MSGSEND = YES;
				ENABLE_TESTABILITY = YES;
				GCC_C_LANGUAGE_STANDARD = gnu11;
				GCC_DYNAMIC_NO_PIC = NO;
				GCC_NO_COMMON_BLOCKS = YES;
				GCC_OPTIMIZATION_LEVEL = 0;
				GCC_PREPROCESSOR_DEFINITIONS = (
					"DEBUG=1",
					"$(inherited)",
				);
				GCC_WARN_64_TO_32_BIT_CONVERSION = YES;
				GCC_WARN_ABOUT_RETURN_TYPE = YES_ERROR;
				GCC_WARN_UNDECLARED_SELECTOR = YES;
				GCC_WARN_UNINITIALIZED_AUTOS = YES_AGGRESSIVE;
				GCC_WARN_UNUSED_FUNCTION = YES;
				GCC_WARN_UNUSED_VARIABLE = YES;
				IPHONEOS_DEPLOYMENT_TARGET = 16.4;
				MTL_ENABLE_DEBUG_INFO = INCLUDE_SOURCE;
				MTL_FAST_MATH = YES;
				ONLY_ACTIVE_ARCH = YES;
				SDKROOT = iphoneos;
				SWIFT_ACTIVE_COMPILATION_CONDITIONS = DEBUG;
				SWIFT_OPTIMIZATION_LEVEL = "-Onone";
			};
			name = Debug;
		};
		739C41442B452ACF003A0FAE /* Release */ = {
			isa = XCBuildConfiguration;
			buildSettings = {
				ALWAYS_SEARCH_USER_PATHS = NO;
				CLANG_ANALYZER_NONNULL = YES;
				CLANG_ANALYZER_NUMBER_OBJECT_CONVERSION = YES_AGGRESSIVE;
				CLANG_CXX_LANGUAGE_STANDARD = "gnu++20";
				CLANG_ENABLE_MODULES = YES;
				CLANG_ENABLE_OBJC_ARC = YES;
				CLANG_ENABLE_OBJC_WEAK = YES;
				CLANG_WARN_BLOCK_CAPTURE_AUTORELEASING = YES;
				CLANG_WARN_BOOL_CONVERSION = YES;
				CLANG_WARN_COMMA = YES;
				CLANG_WARN_CONSTANT_CONVERSION = YES;
				CLANG_WARN_DEPRECATED_OBJC_IMPLEMENTATIONS = YES;
				CLANG_WARN_DIRECT_OBJC_ISA_USAGE = YES_ERROR;
				CLANG_WARN_DOCUMENTATION_COMMENTS = YES;
				CLANG_WARN_EMPTY_BODY = YES;
				CLANG_WARN_ENUM_CONVERSION = YES;
				CLANG_WARN_INFINITE_RECURSION = YES;
				CLANG_WARN_INT_CONVERSION = YES;
				CLANG_WARN_NON_LITERAL_NULL_CONVERSION = YES;
				CLANG_WARN_OBJC_IMPLICIT_RETAIN_SELF = YES;
				CLANG_WARN_OBJC_LITERAL_CONVERSION = YES;
				CLANG_WARN_OBJC_ROOT_CLASS = YES_ERROR;
				CLANG_WARN_QUOTED_INCLUDE_IN_FRAMEWORK_HEADER = YES;
				CLANG_WARN_RANGE_LOOP_ANALYSIS = YES;
				CLANG_WARN_STRICT_PROTOTYPES = YES;
				CLANG_WARN_SUSPICIOUS_MOVE = YES;
				CLANG_WARN_UNGUARDED_AVAILABILITY = YES_AGGRESSIVE;
				CLANG_WARN_UNREACHABLE_CODE = YES;
				CLANG_WARN__DUPLICATE_METHOD_MATCH = YES;
				COPY_PHASE_STRIP = NO;
				DEBUG_INFORMATION_FORMAT = "dwarf-with-dsym";
				ENABLE_NS_ASSERTIONS = NO;
				ENABLE_STRICT_OBJC_MSGSEND = YES;
				GCC_C_LANGUAGE_STANDARD = gnu11;
				GCC_NO_COMMON_BLOCKS = YES;
				GCC_WARN_64_TO_32_BIT_CONVERSION = YES;
				GCC_WARN_ABOUT_RETURN_TYPE = YES_ERROR;
				GCC_WARN_UNDECLARED_SELECTOR = YES;
				GCC_WARN_UNINITIALIZED_AUTOS = YES_AGGRESSIVE;
				GCC_WARN_UNUSED_FUNCTION = YES;
				GCC_WARN_UNUSED_VARIABLE = YES;
				IPHONEOS_DEPLOYMENT_TARGET = 16.4;
				MTL_ENABLE_DEBUG_INFO = NO;
				MTL_FAST_MATH = YES;
				SDKROOT = iphoneos;
				SWIFT_COMPILATION_MODE = wholemodule;
				SWIFT_OPTIMIZATION_LEVEL = "-O";
				VALIDATE_PRODUCT = YES;
			};
			name = Release;
		};
		739C41462B452ACF003A0FAE /* Debug */ = {
			isa = XCBuildConfiguration;
			buildSettings = {
				ASSETCATALOG_COMPILER_APPICON_NAME = AppIcon;
				ASSETCATALOG_COMPILER_GLOBAL_ACCENT_COLOR_NAME = AccentColor;
				CODE_SIGN_STYLE = Automatic;
				CURRENT_PROJECT_VERSION = 1;
				DEVELOPMENT_ASSET_PATHS = "\"UserList/Preview Content\"";
				ENABLE_PREVIEWS = YES;
				GENERATE_INFOPLIST_FILE = YES;
				INFOPLIST_KEY_UIApplicationSceneManifest_Generation = YES;
				INFOPLIST_KEY_UIApplicationSupportsIndirectInputEvents = YES;
				INFOPLIST_KEY_UILaunchScreen_Generation = YES;
				INFOPLIST_KEY_UISupportedInterfaceOrientations_iPad = "UIInterfaceOrientationPortrait UIInterfaceOrientationPortraitUpsideDown UIInterfaceOrientationLandscapeLeft UIInterfaceOrientationLandscapeRight";
				INFOPLIST_KEY_UISupportedInterfaceOrientations_iPhone = "UIInterfaceOrientationPortrait UIInterfaceOrientationLandscapeLeft UIInterfaceOrientationLandscapeRight";
				LD_RUNPATH_SEARCH_PATHS = (
					"$(inherited)",
					"@executable_path/Frameworks",
				);
				MARKETING_VERSION = 1.0;
				PRODUCT_BUNDLE_IDENTIFIER = holahacker01.com.UserList;
				PRODUCT_NAME = "$(TARGET_NAME)";
				SWIFT_EMIT_LOC_STRINGS = YES;
				SWIFT_VERSION = 5.0;
				TARGETED_DEVICE_FAMILY = "1,2";
			};
			name = Debug;
		};
		739C41472B452ACF003A0FAE /* Release */ = {
			isa = XCBuildConfiguration;
			buildSettings = {
				ASSETCATALOG_COMPILER_APPICON_NAME = AppIcon;
				ASSETCATALOG_COMPILER_GLOBAL_ACCENT_COLOR_NAME = AccentColor;
				CODE_SIGN_STYLE = Automatic;
				CURRENT_PROJECT_VERSION = 1;
				DEVELOPMENT_ASSET_PATHS = "\"UserList/Preview Content\"";
				ENABLE_PREVIEWS = YES;
				GENERATE_INFOPLIST_FILE = YES;
				INFOPLIST_KEY_UIApplicationSceneManifest_Generation = YES;
				INFOPLIST_KEY_UIApplicationSupportsIndirectInputEvents = YES;
				INFOPLIST_KEY_UILaunchScreen_Generation = YES;
				INFOPLIST_KEY_UISupportedInterfaceOrientations_iPad = "UIInterfaceOrientationPortrait UIInterfaceOrientationPortraitUpsideDown UIInterfaceOrientationLandscapeLeft UIInterfaceOrientationLandscapeRight";
				INFOPLIST_KEY_UISupportedInterfaceOrientations_iPhone = "UIInterfaceOrientationPortrait UIInterfaceOrientationLandscapeLeft UIInterfaceOrientationLandscapeRight";
				LD_RUNPATH_SEARCH_PATHS = (
					"$(inherited)",
					"@executable_path/Frameworks",
				);
				MARKETING_VERSION = 1.0;
				PRODUCT_BUNDLE_IDENTIFIER = holahacker01.com.UserList;
				PRODUCT_NAME = "$(TARGET_NAME)";
				SWIFT_EMIT_LOC_STRINGS = YES;
				SWIFT_VERSION = 5.0;
				TARGETED_DEVICE_FAMILY = "1,2";
			};
			name = Release;
		};
/* End XCBuildConfiguration section */

/* Begin XCConfigurationList section */
		739C41322B452ACD003A0FAE /* Build configuration list for PBXProject "UserList" */ = {
			isa = XCConfigurationList;
			buildConfigurations = (
				739C41432B452ACF003A0FAE /* Debug */,
				739C41442B452ACF003A0FAE /* Release */,
			);
			defaultConfigurationIsVisible = 0;
			defaultConfigurationName = Release;
		};
		739C41452B452ACF003A0FAE /* Build configuration list for PBXNativeTarget "UserList" */ = {
			isa = XCConfigurationList;
			buildConfigurations = (
				739C41462B452ACF003A0FAE /* Debug */,
				739C41472B452ACF003A0FAE /* Release */,
			);
			defaultConfigurationIsVisible = 0;
			defaultConfigurationName = Release;
		};
/* End XCConfigurationList section */
	};
	rootObject = 739C412F2B452ACD003A0FAE /* Project object */;
}
